
Microsoft Visual Studio Solution File, Format Version 12.00
# Visual Studio 2012
Project("{FAE04EC0-301F-11D3-BF4B-00C04F79EFBC}") = "Twittelytics", "Twittelytics\Twittelytics.csproj", "{DB037C1F-61B5-4ADC-A70B-A3C4EC11D582}"
EndProject
Project("{FAE04EC0-301F-11D3-BF4B-00C04F79EFBC}") = "LinqToTwitterRT", "..\..\GitHub\linqtotwitter\LinqToTwitterRT\LinqToTwitterRT.csproj", "{4C99EC2E-067B-48E9-947E-CF80D9E17B96}"
EndProject
Global
	GlobalSection(SolutionConfigurationPlatforms) = preSolution
		Debug|ARM = Debug|ARM
		Debug|Any CPU = Debug|Any CPU
		Debug|x64 = Debug|x64
		Debug|x86 = Debug|x86
		Release|ARM = Release|ARM
		Release|Any CPU = Release|Any CPU
		Release|x64 = Release|x64
		Release|x86 = Release|x86
	EndGlobalSection
	GlobalSection(ProjectConfigurationPlatforms) = postSolution
		{4C99EC2E-067B-48E9-947E-CF80D9E17B96}.Debug|ARM.ActiveCfg = Debug|ARM
		{4C99EC2E-067B-48E9-947E-CF80D9E17B96}.Debug|ARM.Build.0 = Debug|ARM
		{4C99EC2E-067B-48E9-947E-CF80D9E17B96}.Debug|Any CPU.ActiveCfg = Debug|Any CPU
		{4C99EC2E-067B-48E9-947E-CF80D9E17B96}.Debug|Any CPU.Build.0 = Debug|Any CPU
		{4C99EC2E-067B-48E9-947E-CF80D9E17B96}.Debug|x64.ActiveCfg = Debug|x64
		{4C99EC2E-067B-48E9-947E-CF80D9E17B96}.Debug|x64.Build.0 = Debug|x64
		{4C99EC2E-067B-48E9-947E-CF80D9E17B96}.Debug|x86.ActiveCfg = Debug|x86
		{4C99EC2E-067B-48E9-947E-CF80D9E17B96}.Debug|x86.Build.0 = Debug|x86
		{4C99EC2E-067B-48E9-947E-CF80D9E17B96}.Release|ARM.ActiveCfg = Release|ARM
		{4C99EC2E-067B-48E9-947E-CF80D9E17B96}.Release|ARM.Build.0 = Release|ARM
		{4C99EC2E-067B-48E9-947E-CF80D9E17B96}.Release|Any CPU.ActiveCfg = Release|Any CPU
		{4C99EC2E-067B-48E9-947E-CF80D9E17B96}.Release|Any CPU.Build.0 = Release|Any CPU
		{4C99EC2E-067B-48E9-947E-CF80D9E17B96}.Release|x64.ActiveCfg = Release|x64
		{4C99EC2E-067B-48E9-947E-CF80D9E17B96}.Release|x64.Build.0 = Release|x64
		{4C99EC2E-067B-48E9-947E-CF80D9E17B96}.Release|x86.ActiveCfg = Release|x86
		{4C99EC2E-067B-48E9-947E-CF80D9E17B96}.Release|x86.Build.0 = Release|x86
		{DB037C1F-61B5-4ADC-A70B-A3C4EC11D582}.Debug|ARM.ActiveCfg = Debug|ARM
		{DB037C1F-61B5-4ADC-A70B-A3C4EC11D582}.Debug|ARM.Build.0 = Debug|ARM
		{DB037C1F-61B5-4ADC-A70B-A3C4EC11D582}.Debug|ARM.Deploy.0 = Debug|ARM
		{DB037C1F-61B5-4ADC-A70B-A3C4EC11D582}.Debug|Any CPU.ActiveCfg = Debug|Any CPU
		{DB037C1F-61B5-4ADC-A70B-A3C4EC11D582}.Debug|Any CPU.Build.0 = Debug|Any CPU
		{DB037C1F-61B5-4ADC-A70B-A3C4EC11D582}.Debug|Any CPU.Deploy.0 = Debug|Any CPU
		{DB037C1F-61B5-4ADC-A70B-A3C4EC11D582}.Debug|x64.ActiveCfg = Debug|x64
		{DB037C1F-61B5-4ADC-A70B-A3C4EC11D582}.Debug|x64.Build.0 = Debug|x64
		{DB037C1F-61B5-4ADC-A70B-A3C4EC11D582}.Debug|x64.Deploy.0 = Debug|x64
		{DB037C1F-61B5-4ADC-A70B-A3C4EC11D582}.Debug|x86.ActiveCfg = Debug|x86
		{DB037C1F-61B5-4ADC-A70B-A3C4EC11D582}.Debug|x86.Build.0 = Debug|x86
		{DB037C1F-61B5-4ADC-A70B-A3C4EC11D582}.Debug|x86.Deploy.0 = Debug|x86
		{DB037C1F-61B5-4ADC-A70B-A3C4EC11D582}.Release|ARM.ActiveCfg = Release|ARM
		{DB037C1F-61B5-4ADC-A70B-A3C4EC11D582}.Release|ARM.Build.0 = Release|ARM
		{DB037C1F-61B5-4ADC-A70B-A3C4EC11D582}.Release|ARM.Deploy.0 = Release|ARM
		{DB037C1F-61B5-4ADC-A70B-A3C4EC11D582}.Release|Any CPU.ActiveCfg = Release|Any CPU
		{DB037C1F-61B5-4ADC-A70B-A3C4EC11D582}.Release|Any CPU.Build.0 = Release|Any CPU
		{DB037C1F-61B5-4ADC-A70B-A3C4EC11D582}.Release|Any CPU.Deploy.0 = Release|Any CPU
		{DB037C1F-61B5-4ADC-A70B-A3C4EC11D582}.Release|x64.ActiveCfg = Release|x64
		{DB037C1F-61B5-4ADC-A70B-A3C4EC11D582}.Release|x64.Build.0 = Release|x64
		{DB037C1F-61B5-4ADC-A70B-A3C4EC11D582}.Release|x64.Deploy.0 = Release|x64
		{DB037C1F-61B5-4ADC-A70B-A3C4EC11D582}.Release|x86.ActiveCfg = Release|x86
		{DB037C1F-61B5-4ADC-A70B-A3C4EC11D582}.Release|x86.Build.0 = Release|x86
		{DB037C1F-61B5-4ADC-A70B-A3C4EC11D582}.Release|x86.Deploy.0 = Release|x86
	EndGlobalSection
	GlobalSection(SolutionProperties) = preSolution
		HideSolutionNode = FALSE
	EndGlobalSection
EndGlobal
